
Microsoft Visual Studio Solution File, Format Version 12.00
# Visual Studio Version 17
VisualStudioVersion = 17.6.33829.357
MinimumVisualStudioVersion = 10.0.40219.1
Project("{FAE04EC0-301F-11D3-BF4B-00C04F79EFBC}") = "EjerciciosArays_SAEG", "EjerciciosArays_SAEG.csproj", "{BFE7F849-C96A-47B1-8C61-E74290453D39}"
EndProject
Global
	GlobalSection(SolutionConfigurationPlatforms) = preSolution
		Debug|Any CPU = Debug|Any CPU
		Release|Any CPU = Release|Any CPU
	EndGlobalSection
	GlobalSection(ProjectConfigurationPlatforms) = postSolution
		{BFE7F849-C96A-47B1-8C61-E74290453D39}.Debug|Any CPU.ActiveCfg = Debug|Any CPU
		{BFE7F849-C96A-47B1-8C61-E74290453D39}.Debug|Any CPU.Build.0 = Debug|Any CPU
		{BFE7F849-C96A-47B1-8C61-E74290453D39}.Release|Any CPU.ActiveCfg = Release|Any CPU
		{BFE7F849-C96A-47B1-8C61-E74290453D39}.Release|Any CPU.Build.0 = Release|Any CPU
	EndGlobalSection
	GlobalSection(SolutionProperties) = preSolution
		HideSolutionNode = FALSE
	EndGlobalSection
	GlobalSection(ExtensibilityGlobals) = postSolution
		SolutionGuid = {A58F9167-D40F-4693-8BF5-2670218F3E0F}
	EndGlobalSection
EndGlobal
